
Microsoft Visual Studio Solution File, Format Version 12.00
# Visual Studio 15
VisualStudioVersion = 15.0.28010.2050
MinimumVisualStudioVersion = 10.0.40219.1
Project("{FAE04EC0-301F-11D3-BF4B-00C04F79EFBC}") = "Data Handling System", "Data Handling System\Data Handling System.csproj", "{8FDC0217-19E7-468C-92CB-2A08A6B922F8}"
EndProject
Project("{FAE04EC0-301F-11D3-BF4B-00C04F79EFBC}") = "Data Handling SystemTests", "Data Handling SystemTests\Data Handling SystemTests.csproj", "{CFCEDF70-7255-4911-9BEA-F1A7C5D115E5}"
EndProject
Global
	GlobalSection(SolutionConfigurationPlatforms) = preSolution
		Debug|Any CPU = Debug|Any CPU
		Release|Any CPU = Release|Any CPU
	EndGlobalSection
	GlobalSection(ProjectConfigurationPlatforms) = postSolution
		{8FDC0217-19E7-468C-92CB-2A08A6B922F8}.Debug|Any CPU.ActiveCfg = Debug|Any CPU
		{8FDC0217-19E7-468C-92CB-2A08A6B922F8}.Debug|Any CPU.Build.0 = Debug|Any CPU
		{8FDC0217-19E7-468C-92CB-2A08A6B922F8}.Release|Any CPU.ActiveCfg = Release|Any CPU
		{8FDC0217-19E7-468C-92CB-2A08A6B922F8}.Release|Any CPU.Build.0 = Release|Any CPU
		{CFCEDF70-7255-4911-9BEA-F1A7C5D115E5}.Debug|Any CPU.ActiveCfg = Debug|Any CPU
		{CFCEDF70-7255-4911-9BEA-F1A7C5D115E5}.Debug|Any CPU.Build.0 = Debug|Any CPU
		{CFCEDF70-7255-4911-9BEA-F1A7C5D115E5}.Release|Any CPU.ActiveCfg = Release|Any CPU
		{CFCEDF70-7255-4911-9BEA-F1A7C5D115E5}.Release|Any CPU.Build.0 = Release|Any CPU
	EndGlobalSection
	GlobalSection(SolutionProperties) = preSolution
		HideSolutionNode = FALSE
	EndGlobalSection
	GlobalSection(ExtensibilityGlobals) = postSolution
		SolutionGuid = {0CCFEB36-5294-450A-98A8-244312481C83}
	EndGlobalSection
EndGlobal
